{
  "name": "plg_captcha_friendlycaptcha",
  "lockfileVersion": 2,
  "requires": true,
  "packages": {
    "": {
      "dependencies": {
        "friendly-challenge": "^0.9.0"
      }
    },
    "node_modules/@babel/runtime-corejs3": {
      "version": "7.15.4",
      "resolved": "https://registry.npmjs.org/@babel/runtime-corejs3/-/runtime-corejs3-7.15.4.tgz",
      "integrity": "sha512-lWcAqKeB624/twtTc3w6w/2o9RqJPaNBhPGK6DKLSiwuVWC7WFkypWyNg+CpZoyJH0jVzv1uMtXZ/5/lQOLtCg==",
      "dependencies": {
        "core-js-pure": "^3.16.0",
        "regenerator-runtime": "^0.13.4"
      },
      "engines": {
        "node": ">=6.9.0"
      }
    },
    "node_modules/core-js": {
      "version": "3.18.1",
      "resolved": "https://registry.npmjs.org/core-js/-/core-js-3.18.1.tgz",
      "integrity": "sha512-vJlUi/7YdlCZeL6fXvWNaLUPh/id12WXj3MbkMw5uOyF0PfWPBNOCNbs53YqgrvtujLNlt9JQpruyIKkUZ+PKA==",
      "hasInstallScript": true,
      "funding": {
        "type": "opencollective",
        "url": "https://opencollective.com/core-js"
      }
    },
    "node_modules/core-js-pure": {
      "version": "3.18.1",
      "resolved": "https://registry.npmjs.org/core-js-pure/-/core-js-pure-3.18.1.tgz",
      "integrity": "sha512-kmW/k8MaSuqpvA1xm2l3TVlBuvW+XBkcaOroFUpO3D4lsTGQWBTb/tBDCf/PNkkPLrwgrkQRIYNPB0CeqGJWGQ==",
      "hasInstallScript": true,
      "funding": {
        "type": "opencollective",
        "url": "https://opencollective.com/core-js"
      }
    },
    "node_modules/friendly-challenge": {
      "version": "0.9.0",
      "resolved": "https://registry.npmjs.org/friendly-challenge/-/friendly-challenge-0.9.0.tgz",
      "integrity": "sha512-hEsNdOzN91yUcEmx/XZulf+V5mWpNBV9srWB7gfwem1g9CGxrogEZ6pKSqPjR6qQkmJKea2vE/ZkhjZJp1LqkQ==",
      "dependencies": {
        "@babel/runtime-corejs3": "^7.10.4",
        "core-js": "^3.6.5",
        "friendly-pow": "0.1.2",
        "object-assign-polyfill": "^0.1.0",
        "promis": "^1.1.4",
        "url-polyfill": "^1.1.10",
        "whatwg-fetch": "^3.4.1"
      }
    },
    "node_modules/friendly-pow": {
      "version": "0.1.2",
      "resolved": "https://registry.npmjs.org/friendly-pow/-/friendly-pow-0.1.2.tgz",
      "integrity": "sha512-Ihnr6Ii9zDAPU0ylpRpjiWSIBUApuLOC8JtO7WMhh5Z5Fu+QjQHqZpV5tHwx3/pV3MOW20zSrGvdL05BpxpSjw=="
    },
    "node_modules/object-assign-polyfill": {
      "version": "0.1.0",
      "resolved": "https://registry.npmjs.org/object-assign-polyfill/-/object-assign-polyfill-0.1.0.tgz",
      "integrity": "sha1-K3Izj/aLdwzc2ngYYEhLuLL0CSA="
    },
    "node_modules/promis": {
      "version": "1.1.4",
      "resolved": "https://registry.npmjs.org/promis/-/promis-1.1.4.tgz",
      "integrity": "sha1-DQ70PMrKzdj5Z5zW4JUPfH9SCWw="
    },
    "node_modules/regenerator-runtime": {
      "version": "0.13.9",
      "resolved": "https://registry.npmjs.org/regenerator-runtime/-/regenerator-runtime-0.13.9.tgz",
      "integrity": "sha512-p3VT+cOEgxFsRRA9X4lkI1E+k2/CtnKtU4gcxyaCUreilL/vqI6CdZ3wxVUx3UOUg+gnUOQQcRI7BmSI656MYA=="
    },
    "node_modules/url-polyfill": {
      "version": "1.1.12",
      "resolved": "https://registry.npmjs.org/url-polyfill/-/url-polyfill-1.1.12.tgz",
      "integrity": "sha512-mYFmBHCapZjtcNHW0MDq9967t+z4Dmg5CJ0KqysK3+ZbyoNOWQHksGCTWwDhxGXllkWlOc10Xfko6v4a3ucM6A=="
    },
    "node_modules/whatwg-fetch": {
      "version": "3.6.2",
      "resolved": "https://registry.npmjs.org/whatwg-fetch/-/whatwg-fetch-3.6.2.tgz",
      "integrity": "sha512-bJlen0FcuU/0EMLrdbJ7zOnW6ITZLrZMIarMUVmdKtsGvZna8vxKYaexICWPfZ8qwf9fzNq+UEIZrnSaApt6RA=="
    }
  },
  "dependencies": {
    "@babel/runtime-corejs3": {
      "version": "7.15.4",
      "resolved": "https://registry.npmjs.org/@babel/runtime-corejs3/-/runtime-corejs3-7.15.4.tgz",
      "integrity": "sha512-lWcAqKeB624/twtTc3w6w/2o9RqJPaNBhPGK6DKLSiwuVWC7WFkypWyNg+CpZoyJH0jVzv1uMtXZ/5/lQOLtCg==",
      "requires": {
        "core-js-pure": "^3.16.0",
        "regenerator-runtime": "^0.13.4"
      }
    },
    "core-js": {
      "version": "3.18.1",
      "resolved": "https://registry.npmjs.org/core-js/-/core-js-3.18.1.tgz",
      "integrity": "sha512-vJlUi/7YdlCZeL6fXvWNaLUPh/id12WXj3MbkMw5uOyF0PfWPBNOCNbs53YqgrvtujLNlt9JQpruyIKkUZ+PKA=="
    },
    "core-js-pure": {
      "version": "3.18.1",
      "resolved": "https://registry.npmjs.org/core-js-pure/-/core-js-pure-3.18.1.tgz",
      "integrity": "sha512-kmW/k8MaSuqpvA1xm2l3TVlBuvW+XBkcaOroFUpO3D4lsTGQWBTb/tBDCf/PNkkPLrwgrkQRIYNPB0CeqGJWGQ=="
    },
    "friendly-challenge": {
      "version": "0.9.0",
      "resolved": "https://registry.npmjs.org/friendly-challenge/-/friendly-challenge-0.9.0.tgz",
      "integrity": "sha512-hEsNdOzN91yUcEmx/XZulf+V5mWpNBV9srWB7gfwem1g9CGxrogEZ6pKSqPjR6qQkmJKea2vE/ZkhjZJp1LqkQ==",
      "requires": {
        "@babel/runtime-corejs3": "^7.10.4",
        "core-js": "^3.6.5",
        "friendly-pow": "0.1.2",
        "object-assign-polyfill": "^0.1.0",
        "promis": "^1.1.4",
        "url-polyfill": "^1.1.10",
        "whatwg-fetch": "^3.4.1"
      }
    },
    "friendly-pow": {
      "version": "0.1.2",
      "resolved": "https://registry.npmjs.org/friendly-pow/-/friendly-pow-0.1.2.tgz",
      "integrity": "sha512-Ihnr6Ii9zDAPU0ylpRpjiWSIBUApuLOC8JtO7WMhh5Z5Fu+QjQHqZpV5tHwx3/pV3MOW20zSrGvdL05BpxpSjw=="
    },
    "object-assign-polyfill": {
      "version": "0.1.0",
      "resolved": "https://registry.npmjs.org/object-assign-polyfill/-/object-assign-polyfill-0.1.0.tgz",
      "integrity": "sha1-K3Izj/aLdwzc2ngYYEhLuLL0CSA="
    },
    "promis": {
      "version": "1.1.4",
      "resolved": "https://registry.npmjs.org/promis/-/promis-1.1.4.tgz",
      "integrity": "sha1-DQ70PMrKzdj5Z5zW4JUPfH9SCWw="
    },
    "regenerator-runtime": {
      "version": "0.13.9",
      "resolved": "https://registry.npmjs.org/regenerator-runtime/-/regenerator-runtime-0.13.9.tgz",
      "integrity": "sha512-p3VT+cOEgxFsRRA9X4lkI1E+k2/CtnKtU4gcxyaCUreilL/vqI6CdZ3wxVUx3UOUg+gnUOQQcRI7BmSI656MYA=="
    },
    "url-polyfill": {
      "version": "1.1.12",
      "resolved": "https://registry.npmjs.org/url-polyfill/-/url-polyfill-1.1.12.tgz",
      "integrity": "sha512-mYFmBHCapZjtcNHW0MDq9967t+z4Dmg5CJ0KqysK3+ZbyoNOWQHksGCTWwDhxGXllkWlOc10Xfko6v4a3ucM6A=="
    },
    "whatwg-fetch": {
      "version": "3.6.2",
      "resolved": "https://registry.npmjs.org/whatwg-fetch/-/whatwg-fetch-3.6.2.tgz",
      "integrity": "sha512-bJlen0FcuU/0EMLrdbJ7zOnW6ITZLrZMIarMUVmdKtsGvZna8vxKYaexICWPfZ8qwf9fzNq+UEIZrnSaApt6RA=="
    }
  }
}
