{
  "name": "plg_captcha_friendlycaptcha",
  "lockfileVersion": 2,
  "requires": true,
  "packages": {
    "": {
      "dependencies": {
        "friendly-challenge": "^0.9.0"
      }
    },
    "node_modules/@babel/runtime-corejs3": {
      "version": "7.18.9",
      "resolved": "https://registry.npmjs.org/@babel/runtime-corejs3/-/runtime-corejs3-7.18.9.tgz",
      "integrity": "sha512-qZEWeccZCrHA2Au4/X05QW5CMdm4VjUDCrGq5gf1ZDcM4hRqreKrtwAn7yci9zfgAS9apvnsFXiGBHBAxZdK9A==",
      "dependencies": {
        "core-js-pure": "^3.20.2",
        "regenerator-runtime": "^0.13.4"
      },
      "engines": {
        "node": ">=6.9.0"
      }
    },
    "node_modules/core-js": {
      "version": "3.23.5",
      "resolved": "https://registry.npmjs.org/core-js/-/core-js-3.23.5.tgz",
      "integrity": "sha512-7Vh11tujtAZy82da4duVreQysIoO2EvVrur7y6IzZkH1IHPSekuDi8Vuw1+YKjkbfWLRD7Nc9ICQ/sIUDutcyg==",
      "hasInstallScript": true,
      "funding": {
        "type": "opencollective",
        "url": "https://opencollective.com/core-js"
      }
    },
    "node_modules/core-js-pure": {
      "version": "3.23.5",
      "resolved": "https://registry.npmjs.org/core-js-pure/-/core-js-pure-3.23.5.tgz",
      "integrity": "sha512-8t78LdpKSuCq4pJYCYk8hl7XEkAX+BP16yRIwL3AanTksxuEf7CM83vRyctmiEL8NDZ3jpUcv56fk9/zG3aIuw==",
      "hasInstallScript": true,
      "funding": {
        "type": "opencollective",
        "url": "https://opencollective.com/core-js"
      }
    },
    "node_modules/friendly-challenge": {
      "version": "0.9.5",
      "resolved": "https://registry.npmjs.org/friendly-challenge/-/friendly-challenge-0.9.5.tgz",
      "integrity": "sha512-f98xzasSs+33mEf1Z2Ferb/Ojyu+ESIyIiouJicHdk4cdqnsSQFtnh1sJoae0d9/GI+azA6oIRNtpU1rRT0BLg==",
      "dependencies": {
        "@babel/runtime-corejs3": "^7.10.4",
        "core-js": "^3.6.5",
        "friendly-pow": "0.2.1",
        "object-assign-polyfill": "^0.1.0",
        "promis": "^1.1.4",
        "url-polyfill": "^1.1.10",
        "whatwg-fetch": "^3.4.1"
      }
    },
    "node_modules/friendly-pow": {
      "version": "0.2.1",
      "resolved": "https://registry.npmjs.org/friendly-pow/-/friendly-pow-0.2.1.tgz",
      "integrity": "sha512-44+5c3DDEHHx6a4NwIAvZ5nwLJblVQY4+rD2pv+yB4lkRBQvi+HlfbR0/caQjoRlJss9nducsWjg4LpApeNNKg=="
    },
    "node_modules/object-assign-polyfill": {
      "version": "0.1.0",
      "resolved": "https://registry.npmjs.org/object-assign-polyfill/-/object-assign-polyfill-0.1.0.tgz",
      "integrity": "sha512-VUMV/J6DvEw4+CVrAezk2Ky6E2ARmCFViD3khtywRc7c/9AAH03L9jkQaji3spp/Tq4hHRb1zoUTDyboScXGUg=="
    },
    "node_modules/promis": {
      "version": "1.1.4",
      "resolved": "https://registry.npmjs.org/promis/-/promis-1.1.4.tgz",
      "integrity": "sha512-PYoK1UKLWbi+kKcYFVbNhjfh9RhLzIr0jEO12Enw2HXBAX55l0eUemBjRKoeG/qpN8W2vzyKyZk01XTlff6IWw=="
    },
    "node_modules/regenerator-runtime": {
      "version": "0.13.9",
      "resolved": "https://registry.npmjs.org/regenerator-runtime/-/regenerator-runtime-0.13.9.tgz",
      "integrity": "sha512-p3VT+cOEgxFsRRA9X4lkI1E+k2/CtnKtU4gcxyaCUreilL/vqI6CdZ3wxVUx3UOUg+gnUOQQcRI7BmSI656MYA=="
    },
    "node_modules/url-polyfill": {
      "version": "1.1.12",
      "resolved": "https://registry.npmjs.org/url-polyfill/-/url-polyfill-1.1.12.tgz",
      "integrity": "sha512-mYFmBHCapZjtcNHW0MDq9967t+z4Dmg5CJ0KqysK3+ZbyoNOWQHksGCTWwDhxGXllkWlOc10Xfko6v4a3ucM6A=="
    },
    "node_modules/whatwg-fetch": {
      "version": "3.6.2",
      "resolved": "https://registry.npmjs.org/whatwg-fetch/-/whatwg-fetch-3.6.2.tgz",
      "integrity": "sha512-bJlen0FcuU/0EMLrdbJ7zOnW6ITZLrZMIarMUVmdKtsGvZna8vxKYaexICWPfZ8qwf9fzNq+UEIZrnSaApt6RA=="
    }
  },
  "dependencies": {
    "@babel/runtime-corejs3": {
      "version": "7.18.9",
      "resolved": "https://registry.npmjs.org/@babel/runtime-corejs3/-/runtime-corejs3-7.18.9.tgz",
      "integrity": "sha512-qZEWeccZCrHA2Au4/X05QW5CMdm4VjUDCrGq5gf1ZDcM4hRqreKrtwAn7yci9zfgAS9apvnsFXiGBHBAxZdK9A==",
      "requires": {
        "core-js-pure": "^3.20.2",
        "regenerator-runtime": "^0.13.4"
      }
    },
    "core-js": {
      "version": "3.23.5",
      "resolved": "https://registry.npmjs.org/core-js/-/core-js-3.23.5.tgz",
      "integrity": "sha512-7Vh11tujtAZy82da4duVreQysIoO2EvVrur7y6IzZkH1IHPSekuDi8Vuw1+YKjkbfWLRD7Nc9ICQ/sIUDutcyg=="
    },
    "core-js-pure": {
      "version": "3.23.5",
      "resolved": "https://registry.npmjs.org/core-js-pure/-/core-js-pure-3.23.5.tgz",
      "integrity": "sha512-8t78LdpKSuCq4pJYCYk8hl7XEkAX+BP16yRIwL3AanTksxuEf7CM83vRyctmiEL8NDZ3jpUcv56fk9/zG3aIuw=="
    },
    "friendly-challenge": {
      "version": "0.9.5",
      "resolved": "https://registry.npmjs.org/friendly-challenge/-/friendly-challenge-0.9.5.tgz",
      "integrity": "sha512-f98xzasSs+33mEf1Z2Ferb/Ojyu+ESIyIiouJicHdk4cdqnsSQFtnh1sJoae0d9/GI+azA6oIRNtpU1rRT0BLg==",
      "requires": {
        "@babel/runtime-corejs3": "^7.10.4",
        "core-js": "^3.6.5",
        "friendly-pow": "0.2.1",
        "object-assign-polyfill": "^0.1.0",
        "promis": "^1.1.4",
        "url-polyfill": "^1.1.10",
        "whatwg-fetch": "^3.4.1"
      }
    },
    "friendly-pow": {
      "version": "0.2.1",
      "resolved": "https://registry.npmjs.org/friendly-pow/-/friendly-pow-0.2.1.tgz",
      "integrity": "sha512-44+5c3DDEHHx6a4NwIAvZ5nwLJblVQY4+rD2pv+yB4lkRBQvi+HlfbR0/caQjoRlJss9nducsWjg4LpApeNNKg=="
    },
    "object-assign-polyfill": {
      "version": "0.1.0",
      "resolved": "https://registry.npmjs.org/object-assign-polyfill/-/object-assign-polyfill-0.1.0.tgz",
      "integrity": "sha512-VUMV/J6DvEw4+CVrAezk2Ky6E2ARmCFViD3khtywRc7c/9AAH03L9jkQaji3spp/Tq4hHRb1zoUTDyboScXGUg=="
    },
    "promis": {
      "version": "1.1.4",
      "resolved": "https://registry.npmjs.org/promis/-/promis-1.1.4.tgz",
      "integrity": "sha512-PYoK1UKLWbi+kKcYFVbNhjfh9RhLzIr0jEO12Enw2HXBAX55l0eUemBjRKoeG/qpN8W2vzyKyZk01XTlff6IWw=="
    },
    "regenerator-runtime": {
      "version": "0.13.9",
      "resolved": "https://registry.npmjs.org/regenerator-runtime/-/regenerator-runtime-0.13.9.tgz",
      "integrity": "sha512-p3VT+cOEgxFsRRA9X4lkI1E+k2/CtnKtU4gcxyaCUreilL/vqI6CdZ3wxVUx3UOUg+gnUOQQcRI7BmSI656MYA=="
    },
    "url-polyfill": {
      "version": "1.1.12",
      "resolved": "https://registry.npmjs.org/url-polyfill/-/url-polyfill-1.1.12.tgz",
      "integrity": "sha512-mYFmBHCapZjtcNHW0MDq9967t+z4Dmg5CJ0KqysK3+ZbyoNOWQHksGCTWwDhxGXllkWlOc10Xfko6v4a3ucM6A=="
    },
    "whatwg-fetch": {
      "version": "3.6.2",
      "resolved": "https://registry.npmjs.org/whatwg-fetch/-/whatwg-fetch-3.6.2.tgz",
      "integrity": "sha512-bJlen0FcuU/0EMLrdbJ7zOnW6ITZLrZMIarMUVmdKtsGvZna8vxKYaexICWPfZ8qwf9fzNq+UEIZrnSaApt6RA=="
    }
  }
}
