{
  "name": "plg_captcha_friendlycaptcha",
  "lockfileVersion": 3,
  "requires": true,
  "packages": {
    "": {
      "dependencies": {
        "friendly-challenge": "^0.9.14"
      }
    },
    "node_modules/@babel/runtime-corejs3": {
      "version": "7.23.2",
      "resolved": "https://registry.npmjs.org/@babel/runtime-corejs3/-/runtime-corejs3-7.23.2.tgz",
      "integrity": "sha512-54cIh74Z1rp4oIjsHjqN+WM4fMyCBYe+LpZ9jWm51CZ1fbH3SkAzQD/3XLoNkjbJ7YEmjobLXyvQrFypRHOrXw==",
      "dependencies": {
        "core-js-pure": "^3.30.2",
        "regenerator-runtime": "^0.14.0"
      },
      "engines": {
        "node": ">=6.9.0"
      }
    },
    "node_modules/core-js": {
      "version": "3.33.2",
      "resolved": "https://registry.npmjs.org/core-js/-/core-js-3.33.2.tgz",
      "integrity": "sha512-XeBzWI6QL3nJQiHmdzbAOiMYqjrb7hwU7A39Qhvd/POSa/t9E1AeZyEZx3fNvp/vtM8zXwhoL0FsiS0hD0pruQ==",
      "hasInstallScript": true,
      "funding": {
        "type": "opencollective",
        "url": "https://opencollective.com/core-js"
      }
    },
    "node_modules/core-js-pure": {
      "version": "3.33.2",
      "resolved": "https://registry.npmjs.org/core-js-pure/-/core-js-pure-3.33.2.tgz",
      "integrity": "sha512-a8zeCdyVk7uF2elKIGz67AjcXOxjRbwOLz8SbklEso1V+2DoW4OkAMZN9S9GBgvZIaqQi/OemFX4OiSoQEmg1Q==",
      "hasInstallScript": true,
      "funding": {
        "type": "opencollective",
        "url": "https://opencollective.com/core-js"
      }
    },
    "node_modules/friendly-challenge": {
      "version": "0.9.14",
      "resolved": "https://registry.npmjs.org/friendly-challenge/-/friendly-challenge-0.9.14.tgz",
      "integrity": "sha512-4ricn8iBqNFcOCjOxrysqovwNnnpbHeh9OwWBd1H15fQLv8ukQ/6pxOYEzE2VfyQAtgluYOWemHwpRTatpxrSA==",
      "dependencies": {
        "@babel/runtime-corejs3": "^7.10.4",
        "core-js": "^3.6.5",
        "friendly-pow": "0.2.2",
        "object-assign-polyfill": "^0.1.0",
        "promis": "^1.1.4",
        "url-polyfill": "^1.1.10",
        "whatwg-fetch": "^3.4.1"
      }
    },
    "node_modules/friendly-pow": {
      "version": "0.2.2",
      "resolved": "https://registry.npmjs.org/friendly-pow/-/friendly-pow-0.2.2.tgz",
      "integrity": "sha512-oTGCqr6d9iIv8TEWmqJK8p1Gkr9hDEgb7g22pTCDZz+Y9zaaWtCNxmrD+/+KIYbf1/64rgba5Vj4hU7AxE/vkA=="
    },
    "node_modules/object-assign-polyfill": {
      "version": "0.1.0",
      "resolved": "https://registry.npmjs.org/object-assign-polyfill/-/object-assign-polyfill-0.1.0.tgz",
      "integrity": "sha512-VUMV/J6DvEw4+CVrAezk2Ky6E2ARmCFViD3khtywRc7c/9AAH03L9jkQaji3spp/Tq4hHRb1zoUTDyboScXGUg=="
    },
    "node_modules/promis": {
      "version": "1.1.4",
      "resolved": "https://registry.npmjs.org/promis/-/promis-1.1.4.tgz",
      "integrity": "sha512-PYoK1UKLWbi+kKcYFVbNhjfh9RhLzIr0jEO12Enw2HXBAX55l0eUemBjRKoeG/qpN8W2vzyKyZk01XTlff6IWw=="
    },
    "node_modules/regenerator-runtime": {
      "version": "0.14.0",
      "resolved": "https://registry.npmjs.org/regenerator-runtime/-/regenerator-runtime-0.14.0.tgz",
      "integrity": "sha512-srw17NI0TUWHuGa5CFGGmhfNIeja30WMBfbslPNhf6JrqQlLN5gcrvig1oqPxiVaXb0oW0XRKtH6Nngs5lKCIA=="
    },
    "node_modules/url-polyfill": {
      "version": "1.1.12",
      "resolved": "https://registry.npmjs.org/url-polyfill/-/url-polyfill-1.1.12.tgz",
      "integrity": "sha512-mYFmBHCapZjtcNHW0MDq9967t+z4Dmg5CJ0KqysK3+ZbyoNOWQHksGCTWwDhxGXllkWlOc10Xfko6v4a3ucM6A=="
    },
    "node_modules/whatwg-fetch": {
      "version": "3.6.19",
      "resolved": "https://registry.npmjs.org/whatwg-fetch/-/whatwg-fetch-3.6.19.tgz",
      "integrity": "sha512-d67JP4dHSbm2TrpFj8AbO8DnL1JXL5J9u0Kq2xW6d0TFDbCA3Muhdt8orXC22utleTVj7Prqt82baN6RBvnEgw=="
    }
  }
}
